
Microsoft Visual Studio Solution File, Format Version 12.00
# Visual Studio 15
VisualStudioVersion = 15.0.28010.2016
MinimumVisualStudioVersion = 10.0.40219.1
Project("{FAE04EC0-301F-11D3-BF4B-00C04F79EFBC}") = "VRSM_simple", "VRSM_simple\VRSM_simple.csproj", "{FD62F0FE-22B3-43A0-B438-D22BE0113362}"
EndProject
Global
	GlobalSection(SolutionConfigurationPlatforms) = preSolution
		Debug|Any CPU = Debug|Any CPU
		Release|Any CPU = Release|Any CPU
	EndGlobalSection
	GlobalSection(ProjectConfigurationPlatforms) = postSolution
		{FD62F0FE-22B3-43A0-B438-D22BE0113362}.Debug|Any CPU.ActiveCfg = Debug|Any CPU
		{FD62F0FE-22B3-43A0-B438-D22BE0113362}.Debug|Any CPU.Build.0 = Debug|Any CPU
		{FD62F0FE-22B3-43A0-B438-D22BE0113362}.Release|Any CPU.ActiveCfg = Release|Any CPU
		{FD62F0FE-22B3-43A0-B438-D22BE0113362}.Release|Any CPU.Build.0 = Release|Any CPU
	EndGlobalSection
	GlobalSection(SolutionProperties) = preSolution
		HideSolutionNode = FALSE
	EndGlobalSection
	GlobalSection(ExtensibilityGlobals) = postSolution
		SolutionGuid = {665505D2-7E5F-4F8B-B40C-5881C71CFFD3}
	EndGlobalSection
EndGlobal
